// !$*UTF8*$!
{
	archiveVersion = 1;
	classes = {
	};
	objectVersion = 55;
	objects = {

/* Begin PBXBuildFile section */
		EA82406528B4CDCC00CD6E86 /* ShopViewController.swift in Sources */ = {isa = PBXBuildFile; fileRef = EA82406428B4CDCC00CD6E86 /* ShopViewController.swift */; };
		EA82406828B4CE9100CD6E86 /* CategoryCollectionView.swift in Sources */ = {isa = PBXBuildFile; fileRef = EA82406728B4CE9100CD6E86 /* CategoryCollectionView.swift */; };
		EA82406A28B4CF3600CD6E86 /* CategoryCell.swift in Sources */ = {isa = PBXBuildFile; fileRef = EA82406928B4CF3600CD6E86 /* CategoryCell.swift */; };
		EA82406D28B4D6B900CD6E86 /* CategoryCollectionViewModel.swift in Sources */ = {isa = PBXBuildFile; fileRef = EA82406C28B4D6B900CD6E86 /* CategoryCollectionViewModel.swift */; };
		EA852C1E28B501C3009330CE /* Coordinator.swift in Sources */ = {isa = PBXBuildFile; fileRef = EA852C1D28B501C3009330CE /* Coordinator.swift */; };
		EA852C2228B50395009330CE /* MainCoordinator.swift in Sources */ = {isa = PBXBuildFile; fileRef = EA852C2128B50395009330CE /* MainCoordinator.swift */; };
		EA852C2528B509C2009330CE /* FilterViewController.swift in Sources */ = {isa = PBXBuildFile; fileRef = EA852C2428B509C2009330CE /* FilterViewController.swift */; };
		EA852C2828B50CE7009330CE /* SearchBar.swift in Sources */ = {isa = PBXBuildFile; fileRef = EA852C2728B50CE7009330CE /* SearchBar.swift */; };
		EA852C2A28B51977009330CE /* CarouselCollectionView.swift in Sources */ = {isa = PBXBuildFile; fileRef = EA852C2928B51977009330CE /* CarouselCollectionView.swift */; };
		EA852C2D28B51A8F009330CE /* Layout.swift in Sources */ = {isa = PBXBuildFile; fileRef = EA852C2C28B51A8F009330CE /* Layout.swift */; };
		EA9BDC6028B6316500509410 /* Extension.swift in Sources */ = {isa = PBXBuildFile; fileRef = EA9BDC5F28B6316500509410 /* Extension.swift */; };
		EA9BDC6228B633F100509410 /* HotSellCell.swift in Sources */ = {isa = PBXBuildFile; fileRef = EA9BDC6128B633F100509410 /* HotSellCell.swift */; };
		EA9BDC6528B653DF00509410 /* PhoneCell.swift in Sources */ = {isa = PBXBuildFile; fileRef = EA9BDC6428B653DF00509410 /* PhoneCell.swift */; };
		EA9BDC6728B6562900509410 /* PhoneStruct.swift in Sources */ = {isa = PBXBuildFile; fileRef = EA9BDC6628B6562900509410 /* PhoneStruct.swift */; };
		EAB062C228B782EC0071BE48 /* HeaderHotSales.swift in Sources */ = {isa = PBXBuildFile; fileRef = EAB062C128B782EC0071BE48 /* HeaderHotSales.swift */; };
		EAB062C528B78C0B0071BE48 /* HeaderPhone.swift in Sources */ = {isa = PBXBuildFile; fileRef = EAB062C428B78C0B0071BE48 /* HeaderPhone.swift */; };
		EAB062C728B7A4C50071BE48 /* ProductViewController.swift in Sources */ = {isa = PBXBuildFile; fileRef = EAB062C628B7A4C50071BE48 /* ProductViewController.swift */; };
		EAD15B7928B8DD020017E901 /* Mark-Pro.ttf in Resources */ = {isa = PBXBuildFile; fileRef = EAD15B7828B8DD010017E901 /* Mark-Pro.ttf */; };
		EAD15B7B28B8DEEE0017E901 /* ProductCollectionView.swift in Sources */ = {isa = PBXBuildFile; fileRef = EAD15B7A28B8DEEE0017E901 /* ProductCollectionView.swift */; };
		EAD15B7D28B8F0690017E901 /* ProductStruct.swift in Sources */ = {isa = PBXBuildFile; fileRef = EAD15B7C28B8F0690017E901 /* ProductStruct.swift */; };
		EAD15B7F28B8F3100017E901 /* ProductViewModel.swift in Sources */ = {isa = PBXBuildFile; fileRef = EAD15B7E28B8F3100017E901 /* ProductViewModel.swift */; };
		EAED6E0328B4C59100966548 /* AppDelegate.swift in Sources */ = {isa = PBXBuildFile; fileRef = EAED6E0228B4C59100966548 /* AppDelegate.swift */; };
		EAED6E0528B4C59100966548 /* SceneDelegate.swift in Sources */ = {isa = PBXBuildFile; fileRef = EAED6E0428B4C59100966548 /* SceneDelegate.swift */; };
		EAED6E0728B4C59100966548 /* MainTabBarViewController.swift in Sources */ = {isa = PBXBuildFile; fileRef = EAED6E0628B4C59100966548 /* MainTabBarViewController.swift */; };
		EAED6E0C28B4C59200966548 /* Assets.xcassets in Resources */ = {isa = PBXBuildFile; fileRef = EAED6E0B28B4C59200966548 /* Assets.xcassets */; };
		EAED6E0F28B4C59200966548 /* LaunchScreen.storyboard in Resources */ = {isa = PBXBuildFile; fileRef = EAED6E0D28B4C59200966548 /* LaunchScreen.storyboard */; };
		EAF2D53228B775900083CC14 /* CarouselViewModel.swift in Sources */ = {isa = PBXBuildFile; fileRef = EAF2D53128B775900083CC14 /* CarouselViewModel.swift */; };
/* End PBXBuildFile section */

/* Begin PBXFileReference section */
		EA82406428B4CDCC00CD6E86 /* ShopViewController.swift */ = {isa = PBXFileReference; lastKnownFileType = sourcecode.swift; path = ShopViewController.swift; sourceTree = "<group>"; };
		EA82406728B4CE9100CD6E86 /* CategoryCollectionView.swift */ = {isa = PBXFileReference; lastKnownFileType = sourcecode.swift; path = CategoryCollectionView.swift; sourceTree = "<group>"; };
		EA82406928B4CF3600CD6E86 /* CategoryCell.swift */ = {isa = PBXFileReference; lastKnownFileType = sourcecode.swift; path = CategoryCell.swift; sourceTree = "<group>"; };
		EA82406C28B4D6B900CD6E86 /* CategoryCollectionViewModel.swift */ = {isa = PBXFileReference; lastKnownFileType = sourcecode.swift; path = CategoryCollectionViewModel.swift; sourceTree = "<group>"; };
		EA852C1D28B501C3009330CE /* Coordinator.swift */ = {isa = PBXFileReference; lastKnownFileType = sourcecode.swift; path = Coordinator.swift; sourceTree = "<group>"; };
		EA852C2128B50395009330CE /* MainCoordinator.swift */ = {isa = PBXFileReference; lastKnownFileType = sourcecode.swift; path = MainCoordinator.swift; sourceTree = "<group>"; };
		EA852C2428B509C2009330CE /* FilterViewController.swift */ = {isa = PBXFileReference; lastKnownFileType = sourcecode.swift; path = FilterViewController.swift; sourceTree = "<group>"; };
		EA852C2728B50CE7009330CE /* SearchBar.swift */ = {isa = PBXFileReference; lastKnownFileType = sourcecode.swift; path = SearchBar.swift; sourceTree = "<group>"; };
		EA852C2928B51977009330CE /* CarouselCollectionView.swift */ = {isa = PBXFileReference; lastKnownFileType = sourcecode.swift; path = CarouselCollectionView.swift; sourceTree = "<group>"; };
		EA852C2C28B51A8F009330CE /* Layout.swift */ = {isa = PBXFileReference; lastKnownFileType = sourcecode.swift; path = Layout.swift; sourceTree = "<group>"; };
		EA9BDC5F28B6316500509410 /* Extension.swift */ = {isa = PBXFileReference; lastKnownFileType = sourcecode.swift; path = Extension.swift; sourceTree = "<group>"; };
		EA9BDC6128B633F100509410 /* HotSellCell.swift */ = {isa = PBXFileReference; lastKnownFileType = sourcecode.swift; path = HotSellCell.swift; sourceTree = "<group>"; };
		EA9BDC6428B653DF00509410 /* PhoneCell.swift */ = {isa = PBXFileReference; lastKnownFileType = sourcecode.swift; path = PhoneCell.swift; sourceTree = "<group>"; };
		EA9BDC6628B6562900509410 /* PhoneStruct.swift */ = {isa = PBXFileReference; lastKnownFileType = sourcecode.swift; path = PhoneStruct.swift; sourceTree = "<group>"; };
		EAB062C128B782EC0071BE48 /* HeaderHotSales.swift */ = {isa = PBXFileReference; lastKnownFileType = sourcecode.swift; path = HeaderHotSales.swift; sourceTree = "<group>"; };
		EAB062C428B78C0B0071BE48 /* HeaderPhone.swift */ = {isa = PBXFileReference; lastKnownFileType = sourcecode.swift; path = HeaderPhone.swift; sourceTree = "<group>"; };
		EAB062C628B7A4C50071BE48 /* ProductViewController.swift */ = {isa = PBXFileReference; lastKnownFileType = sourcecode.swift; path = ProductViewController.swift; sourceTree = "<group>"; };
		EAD15B7828B8DD010017E901 /* Mark-Pro.ttf */ = {isa = PBXFileReference; lastKnownFileType = file; path = "Mark-Pro.ttf"; sourceTree = "<group>"; };
		EAD15B7A28B8DEEE0017E901 /* ProductCollectionView.swift */ = {isa = PBXFileReference; lastKnownFileType = sourcecode.swift; path = ProductCollectionView.swift; sourceTree = "<group>"; };
		EAD15B7C28B8F0690017E901 /* ProductStruct.swift */ = {isa = PBXFileReference; lastKnownFileType = sourcecode.swift; path = ProductStruct.swift; sourceTree = "<group>"; };
		EAD15B7E28B8F3100017E901 /* ProductViewModel.swift */ = {isa = PBXFileReference; lastKnownFileType = sourcecode.swift; path = ProductViewModel.swift; sourceTree = "<group>"; };
		EAED6DFF28B4C59100966548 /* PhoneStore.app */ = {isa = PBXFileReference; explicitFileType = wrapper.application; includeInIndex = 0; path = PhoneStore.app; sourceTree = BUILT_PRODUCTS_DIR; };
		EAED6E0228B4C59100966548 /* AppDelegate.swift */ = {isa = PBXFileReference; lastKnownFileType = sourcecode.swift; path = AppDelegate.swift; sourceTree = "<group>"; };
		EAED6E0428B4C59100966548 /* SceneDelegate.swift */ = {isa = PBXFileReference; lastKnownFileType = sourcecode.swift; path = SceneDelegate.swift; sourceTree = "<group>"; };
		EAED6E0628B4C59100966548 /* MainTabBarViewController.swift */ = {isa = PBXFileReference; lastKnownFileType = sourcecode.swift; path = MainTabBarViewController.swift; sourceTree = "<group>"; };
		EAED6E0B28B4C59200966548 /* Assets.xcassets */ = {isa = PBXFileReference; lastKnownFileType = folder.assetcatalog; path = Assets.xcassets; sourceTree = "<group>"; };
		EAED6E0E28B4C59200966548 /* Base */ = {isa = PBXFileReference; lastKnownFileType = file.storyboard; name = Base; path = Base.lproj/LaunchScreen.storyboard; sourceTree = "<group>"; };
		EAED6E1028B4C59200966548 /* Info.plist */ = {isa = PBXFileReference; lastKnownFileType = text.plist.xml; path = Info.plist; sourceTree = "<group>"; };
		EAF2D53128B775900083CC14 /* CarouselViewModel.swift */ = {isa = PBXFileReference; lastKnownFileType = sourcecode.swift; path = CarouselViewModel.swift; sourceTree = "<group>"; };
/* End PBXFileReference section */

/* Begin PBXFrameworksBuildPhase section */
		EAED6DFC28B4C59100966548 /* Frameworks */ = {
			isa = PBXFrameworksBuildPhase;
			buildActionMask = 2147483647;
			files = (
			);
			runOnlyForDeploymentPostprocessing = 0;
		};
/* End PBXFrameworksBuildPhase section */

/* Begin PBXGroup section */
		EA82406628B4CDCF00CD6E86 /* ShopModule */ = {
			isa = PBXGroup;
			children = (
				EA9BDC5C28B627B400509410 /* View */,
				EA852C2B28B5197A009330CE /* CarouselCollectionView */,
				EA82406B28B4CF3E00CD6E86 /* CategoryCollectionView */,
			);
			path = ShopModule;
			sourceTree = "<group>";
		};
		EA82406B28B4CF3E00CD6E86 /* CategoryCollectionView */ = {
			isa = PBXGroup;
			children = (
				EA9BDC5D28B627D600509410 /* View */,
				EA9BDC5E28B627DA00509410 /* ViewModel */,
			);
			path = CategoryCollectionView;
			sourceTree = "<group>";
		};
		EA852C1F28B501C8009330CE /* Coordinator */ = {
			isa = PBXGroup;
			children = (
				EA852C1D28B501C3009330CE /* Coordinator.swift */,
				EA852C2128B50395009330CE /* MainCoordinator.swift */,
			);
			path = Coordinator;
			sourceTree = "<group>";
		};
		EA852C2328B5068A009330CE /* Models */ = {
			isa = PBXGroup;
			children = (
				EA852C1F28B501C8009330CE /* Coordinator */,
				EA9BDC5F28B6316500509410 /* Extension.swift */,
				EA9BDC6628B6562900509410 /* PhoneStruct.swift */,
				EAD15B7C28B8F0690017E901 /* ProductStruct.swift */,
			);
			path = Models;
			sourceTree = "<group>";
		};
		EA852C2628B509C5009330CE /* FIlterModule */ = {
			isa = PBXGroup;
			children = (
				EA852C2428B509C2009330CE /* FilterViewController.swift */,
			);
			path = FIlterModule;
			sourceTree = "<group>";
		};
		EA852C2B28B5197A009330CE /* CarouselCollectionView */ = {
			isa = PBXGroup;
			children = (
				EAF2D53328B775B10083CC14 /* View */,
				EAB062C328B784CC0071BE48 /* ViewModel */,
			);
			path = CarouselCollectionView;
			sourceTree = "<group>";
		};
		EA9BDC5C28B627B400509410 /* View */ = {
			isa = PBXGroup;
			children = (
				EA82406428B4CDCC00CD6E86 /* ShopViewController.swift */,
				EA852C2728B50CE7009330CE /* SearchBar.swift */,
			);
			path = View;
			sourceTree = "<group>";
		};
		EA9BDC5D28B627D600509410 /* View */ = {
			isa = PBXGroup;
			children = (
				EA82406728B4CE9100CD6E86 /* CategoryCollectionView.swift */,
				EA82406928B4CF3600CD6E86 /* CategoryCell.swift */,
			);
			path = View;
			sourceTree = "<group>";
		};
		EA9BDC5E28B627DA00509410 /* ViewModel */ = {
			isa = PBXGroup;
			children = (
				EA82406C28B4D6B900CD6E86 /* CategoryCollectionViewModel.swift */,
			);
			path = ViewModel;
			sourceTree = "<group>";
		};
		EA9BDC6328B653D200509410 /* Cells */ = {
			isa = PBXGroup;
			children = (
				EA9BDC6128B633F100509410 /* HotSellCell.swift */,
				EA9BDC6428B653DF00509410 /* PhoneCell.swift */,
				EAB062C128B782EC0071BE48 /* HeaderHotSales.swift */,
				EAB062C428B78C0B0071BE48 /* HeaderPhone.swift */,
			);
			path = Cells;
			sourceTree = "<group>";
		};
		EAB062C328B784CC0071BE48 /* ViewModel */ = {
			isa = PBXGroup;
			children = (
				EAF2D53128B775900083CC14 /* CarouselViewModel.swift */,
			);
			path = ViewModel;
			sourceTree = "<group>";
		};
		EAB062C828B7A4C90071BE48 /* ProductModule */ = {
			isa = PBXGroup;
			children = (
				EAD15B8028B8F3210017E901 /* View */,
				EAD15B8128B8F3250017E901 /* ViewModel */,
			);
			path = ProductModule;
			sourceTree = "<group>";
		};
		EAD15B8028B8F3210017E901 /* View */ = {
			isa = PBXGroup;
			children = (
				EAB062C628B7A4C50071BE48 /* ProductViewController.swift */,
				EAD15B7A28B8DEEE0017E901 /* ProductCollectionView.swift */,
			);
			path = View;
			sourceTree = "<group>";
		};
		EAD15B8128B8F3250017E901 /* ViewModel */ = {
			isa = PBXGroup;
			children = (
				EAD15B7E28B8F3100017E901 /* ProductViewModel.swift */,
			);
			path = ViewModel;
			sourceTree = "<group>";
		};
		EAED6DF628B4C59100966548 = {
			isa = PBXGroup;
			children = (
				EAED6E0128B4C59100966548 /* PhoneStore */,
				EAED6E0028B4C59100966548 /* Products */,
			);
			sourceTree = "<group>";
		};
		EAED6E0028B4C59100966548 /* Products */ = {
			isa = PBXGroup;
			children = (
				EAED6DFF28B4C59100966548 /* PhoneStore.app */,
			);
			name = Products;
			sourceTree = "<group>";
		};
		EAED6E0128B4C59100966548 /* PhoneStore */ = {
			isa = PBXGroup;
			children = (
				EAED6E1628B4C5A200966548 /* Core */,
				EAED6E1728B4C64400966548 /* Modules */,
				EAED6E0628B4C59100966548 /* MainTabBarViewController.swift */,
				EAED6E1828B4C64B00966548 /* Storyboards */,
				EAED6E1928B4C65800966548 /* Sources */,
			);
			path = PhoneStore;
			sourceTree = "<group>";
		};
		EAED6E1628B4C5A200966548 /* Core */ = {
			isa = PBXGroup;
			children = (
				EAED6E0228B4C59100966548 /* AppDelegate.swift */,
				EAED6E0428B4C59100966548 /* SceneDelegate.swift */,
			);
			path = Core;
			sourceTree = "<group>";
		};
		EAED6E1728B4C64400966548 /* Modules */ = {
			isa = PBXGroup;
			children = (
				EA852C2328B5068A009330CE /* Models */,
				EA82406628B4CDCF00CD6E86 /* ShopModule */,
				EA852C2628B509C5009330CE /* FIlterModule */,
				EAB062C828B7A4C90071BE48 /* ProductModule */,
			);
			path = Modules;
			sourceTree = "<group>";
		};
		EAED6E1828B4C64B00966548 /* Storyboards */ = {
			isa = PBXGroup;
			children = (
				EAED6E0D28B4C59200966548 /* LaunchScreen.storyboard */,
			);
			path = Storyboards;
			sourceTree = "<group>";
		};
		EAED6E1928B4C65800966548 /* Sources */ = {
			isa = PBXGroup;
			children = (
				EAED6E0B28B4C59200966548 /* Assets.xcassets */,
				EAD15B7828B8DD010017E901 /* Mark-Pro.ttf */,
				EAED6E1028B4C59200966548 /* Info.plist */,
			);
			path = Sources;
			sourceTree = "<group>";
		};
		EAF2D53328B775B10083CC14 /* View */ = {
			isa = PBXGroup;
			children = (
				EA852C2928B51977009330CE /* CarouselCollectionView.swift */,
				EA852C2C28B51A8F009330CE /* Layout.swift */,
				EA9BDC6328B653D200509410 /* Cells */,
			);
			path = View;
			sourceTree = "<group>";
		};
/* End PBXGroup section */

/* Begin PBXNativeTarget section */
		EAED6DFE28B4C59100966548 /* PhoneStore */ = {
			isa = PBXNativeTarget;
			buildConfigurationList = EAED6E1328B4C59200966548 /* Build configuration list for PBXNativeTarget "PhoneStore" */;
			buildPhases = (
				EAED6DFB28B4C59100966548 /* Sources */,
				EAED6DFC28B4C59100966548 /* Frameworks */,
				EAED6DFD28B4C59100966548 /* Resources */,
			);
			buildRules = (
			);
			dependencies = (
			);
			name = PhoneStore;
			productName = PhoneStore;
			productReference = EAED6DFF28B4C59100966548 /* PhoneStore.app */;
			productType = "com.apple.product-type.application";
		};
/* End PBXNativeTarget section */

/* Begin PBXProject section */
		EAED6DF728B4C59100966548 /* Project object */ = {
			isa = PBXProject;
			attributes = {
				BuildIndependentTargetsInParallel = 1;
				LastSwiftUpdateCheck = 1330;
				LastUpgradeCheck = 1330;
				TargetAttributes = {
					EAED6DFE28B4C59100966548 = {
						CreatedOnToolsVersion = 13.3.1;
					};
				};
			};
			buildConfigurationList = EAED6DFA28B4C59100966548 /* Build configuration list for PBXProject "PhoneStore" */;
			compatibilityVersion = "Xcode 13.0";
			developmentRegion = en;
			hasScannedForEncodings = 0;
			knownRegions = (
				en,
				Base,
			);
			mainGroup = EAED6DF628B4C59100966548;
			productRefGroup = EAED6E0028B4C59100966548 /* Products */;
			projectDirPath = "";
			projectRoot = "";
			targets = (
				EAED6DFE28B4C59100966548 /* PhoneStore */,
			);
		};
/* End PBXProject section */

/* Begin PBXResourcesBuildPhase section */
		EAED6DFD28B4C59100966548 /* Resources */ = {
			isa = PBXResourcesBuildPhase;
			buildActionMask = 2147483647;
			files = (
				EAD15B7928B8DD020017E901 /* Mark-Pro.ttf in Resources */,
				EAED6E0F28B4C59200966548 /* LaunchScreen.storyboard in Resources */,
				EAED6E0C28B4C59200966548 /* Assets.xcassets in Resources */,
			);
			runOnlyForDeploymentPostprocessing = 0;
		};
/* End PBXResourcesBuildPhase section */

/* Begin PBXSourcesBuildPhase section */
		EAED6DFB28B4C59100966548 /* Sources */ = {
			isa = PBXSourcesBuildPhase;
			buildActionMask = 2147483647;
			files = (
				EA852C1E28B501C3009330CE /* Coordinator.swift in Sources */,
				EA852C2828B50CE7009330CE /* SearchBar.swift in Sources */,
				EA82406828B4CE9100CD6E86 /* CategoryCollectionView.swift in Sources */,
				EAB062C728B7A4C50071BE48 /* ProductViewController.swift in Sources */,
				EA82406D28B4D6B900CD6E86 /* CategoryCollectionViewModel.swift in Sources */,
				EA9BDC6528B653DF00509410 /* PhoneCell.swift in Sources */,
				EA82406528B4CDCC00CD6E86 /* ShopViewController.swift in Sources */,
				EA852C2D28B51A8F009330CE /* Layout.swift in Sources */,
				EA852C2528B509C2009330CE /* FilterViewController.swift in Sources */,
				EA852C2A28B51977009330CE /* CarouselCollectionView.swift in Sources */,
				EAED6E0728B4C59100966548 /* MainTabBarViewController.swift in Sources */,
				EA9BDC6028B6316500509410 /* Extension.swift in Sources */,
				EAED6E0328B4C59100966548 /* AppDelegate.swift in Sources */,
				EAED6E0528B4C59100966548 /* SceneDelegate.swift in Sources */,
				EAD15B7F28B8F3100017E901 /* ProductViewModel.swift in Sources */,
				EAB062C228B782EC0071BE48 /* HeaderHotSales.swift in Sources */,
				EA852C2228B50395009330CE /* MainCoordinator.swift in Sources */,
				EAD15B7D28B8F0690017E901 /* ProductStruct.swift in Sources */,
				EAD15B7B28B8DEEE0017E901 /* ProductCollectionView.swift in Sources */,
				EAB062C528B78C0B0071BE48 /* HeaderPhone.swift in Sources */,
				EA9BDC6728B6562900509410 /* PhoneStruct.swift in Sources */,
				EAF2D53228B775900083CC14 /* CarouselViewModel.swift in Sources */,
				EA9BDC6228B633F100509410 /* HotSellCell.swift in Sources */,
				EA82406A28B4CF3600CD6E86 /* CategoryCell.swift in Sources */,
			);
			runOnlyForDeploymentPostprocessing = 0;
		};
/* End PBXSourcesBuildPhase section */

/* Begin PBXVariantGroup section */
		EAED6E0D28B4C59200966548 /* LaunchScreen.storyboard */ = {
			isa = PBXVariantGroup;
			children = (
				EAED6E0E28B4C59200966548 /* Base */,
			);
			name = LaunchScreen.storyboard;
			sourceTree = "<group>";
		};
/* End PBXVariantGroup section */

/* Begin XCBuildConfiguration section */
		EAED6E1128B4C59200966548 /* Debug */ = {
			isa = XCBuildConfiguration;
			buildSettings = {
				ALWAYS_SEARCH_USER_PATHS = NO;
				CLANG_ANALYZER_NONNULL = YES;
				CLANG_ANALYZER_NUMBER_OBJECT_CONVERSION = YES_AGGRESSIVE;
				CLANG_CXX_LANGUAGE_STANDARD = "gnu++17";
				CLANG_ENABLE_MODULES = YES;
				CLANG_ENABLE_OBJC_ARC = YES;
				CLANG_ENABLE_OBJC_WEAK = YES;
				CLANG_WARN_BLOCK_CAPTURE_AUTORELEASING = YES;
				CLANG_WARN_BOOL_CONVERSION = YES;
				CLANG_WARN_COMMA = YES;
				CLANG_WARN_CONSTANT_CONVERSION = YES;
				CLANG_WARN_DEPRECATED_OBJC_IMPLEMENTATIONS = YES;
				CLANG_WARN_DIRECT_OBJC_ISA_USAGE = YES_ERROR;
				CLANG_WARN_DOCUMENTATION_COMMENTS = YES;
				CLANG_WARN_EMPTY_BODY = YES;
				CLANG_WARN_ENUM_CONVERSION = YES;
				CLANG_WARN_INFINITE_RECURSION = YES;
				CLANG_WARN_INT_CONVERSION = YES;
				CLANG_WARN_NON_LITERAL_NULL_CONVERSION = YES;
				CLANG_WARN_OBJC_IMPLICIT_RETAIN_SELF = YES;
				CLANG_WARN_OBJC_LITERAL_CONVERSION = YES;
				CLANG_WARN_OBJC_ROOT_CLASS = YES_ERROR;
				CLANG_WARN_QUOTED_INCLUDE_IN_FRAMEWORK_HEADER = YES;
				CLANG_WARN_RANGE_LOOP_ANALYSIS = YES;
				CLANG_WARN_STRICT_PROTOTYPES = YES;
				CLANG_WARN_SUSPICIOUS_MOVE = YES;
				CLANG_WARN_UNGUARDED_AVAILABILITY = YES_AGGRESSIVE;
				CLANG_WARN_UNREACHABLE_CODE = YES;
				CLANG_WARN__DUPLICATE_METHOD_MATCH = YES;
				COPY_PHASE_STRIP = NO;
				DEBUG_INFORMATION_FORMAT = dwarf;
				ENABLE_STRICT_OBJC_MSGSEND = YES;
				ENABLE_TESTABILITY = YES;
				GCC_C_LANGUAGE_STANDARD = gnu11;
				GCC_DYNAMIC_NO_PIC = NO;
				GCC_NO_COMMON_BLOCKS = YES;
				GCC_OPTIMIZATION_LEVEL = 0;
				GCC_PREPROCESSOR_DEFINITIONS = (
					"DEBUG=1",
					"$(inherited)",
				);
				GCC_WARN_64_TO_32_BIT_CONVERSION = YES;
				GCC_WARN_ABOUT_RETURN_TYPE = YES_ERROR;
				GCC_WARN_UNDECLARED_SELECTOR = YES;
				GCC_WARN_UNINITIALIZED_AUTOS = YES_AGGRESSIVE;
				GCC_WARN_UNUSED_FUNCTION = YES;
				GCC_WARN_UNUSED_VARIABLE = YES;
				IPHONEOS_DEPLOYMENT_TARGET = 15.4;
				MTL_ENABLE_DEBUG_INFO = INCLUDE_SOURCE;
				MTL_FAST_MATH = YES;
				ONLY_ACTIVE_ARCH = YES;
				SDKROOT = iphoneos;
				SWIFT_ACTIVE_COMPILATION_CONDITIONS = DEBUG;
				SWIFT_OPTIMIZATION_LEVEL = "-Onone";
			};
			name = Debug;
		};
		EAED6E1228B4C59200966548 /* Release */ = {
			isa = XCBuildConfiguration;
			buildSettings = {
				ALWAYS_SEARCH_USER_PATHS = NO;
				CLANG_ANALYZER_NONNULL = YES;
				CLANG_ANALYZER_NUMBER_OBJECT_CONVERSION = YES_AGGRESSIVE;
				CLANG_CXX_LANGUAGE_STANDARD = "gnu++17";
				CLANG_ENABLE_MODULES = YES;
				CLANG_ENABLE_OBJC_ARC = YES;
				CLANG_ENABLE_OBJC_WEAK = YES;
				CLANG_WARN_BLOCK_CAPTURE_AUTORELEASING = YES;
				CLANG_WARN_BOOL_CONVERSION = YES;
				CLANG_WARN_COMMA = YES;
				CLANG_WARN_CONSTANT_CONVERSION = YES;
				CLANG_WARN_DEPRECATED_OBJC_IMPLEMENTATIONS = YES;
				CLANG_WARN_DIRECT_OBJC_ISA_USAGE = YES_ERROR;
				CLANG_WARN_DOCUMENTATION_COMMENTS = YES;
				CLANG_WARN_EMPTY_BODY = YES;
				CLANG_WARN_ENUM_CONVERSION = YES;
				CLANG_WARN_INFINITE_RECURSION = YES;
				CLANG_WARN_INT_CONVERSION = YES;
				CLANG_WARN_NON_LITERAL_NULL_CONVERSION = YES;
				CLANG_WARN_OBJC_IMPLICIT_RETAIN_SELF = YES;
				CLANG_WARN_OBJC_LITERAL_CONVERSION = YES;
				CLANG_WARN_OBJC_ROOT_CLASS = YES_ERROR;
				CLANG_WARN_QUOTED_INCLUDE_IN_FRAMEWORK_HEADER = YES;
				CLANG_WARN_RANGE_LOOP_ANALYSIS = YES;
				CLANG_WARN_STRICT_PROTOTYPES = YES;
				CLANG_WARN_SUSPICIOUS_MOVE = YES;
				CLANG_WARN_UNGUARDED_AVAILABILITY = YES_AGGRESSIVE;
				CLANG_WARN_UNREACHABLE_CODE = YES;
				CLANG_WARN__DUPLICATE_METHOD_MATCH = YES;
				COPY_PHASE_STRIP = NO;
				DEBUG_INFORMATION_FORMAT = "dwarf-with-dsym";
				ENABLE_NS_ASSERTIONS = NO;
				ENABLE_STRICT_OBJC_MSGSEND = YES;
				GCC_C_LANGUAGE_STANDARD = gnu11;
				GCC_NO_COMMON_BLOCKS = YES;
				GCC_WARN_64_TO_32_BIT_CONVERSION = YES;
				GCC_WARN_ABOUT_RETURN_TYPE = YES_ERROR;
				GCC_WARN_UNDECLARED_SELECTOR = YES;
				GCC_WARN_UNINITIALIZED_AUTOS = YES_AGGRESSIVE;
				GCC_WARN_UNUSED_FUNCTION = YES;
				GCC_WARN_UNUSED_VARIABLE = YES;
				IPHONEOS_DEPLOYMENT_TARGET = 15.4;
				MTL_ENABLE_DEBUG_INFO = NO;
				MTL_FAST_MATH = YES;
				SDKROOT = iphoneos;
				SWIFT_COMPILATION_MODE = wholemodule;
				SWIFT_OPTIMIZATION_LEVEL = "-O";
				VALIDATE_PRODUCT = YES;
			};
			name = Release;
		};
		EAED6E1428B4C59200966548 /* Debug */ = {
			isa = XCBuildConfiguration;
			buildSettings = {
				ASSETCATALOG_COMPILER_APPICON_NAME = AppIcon;
				ASSETCATALOG_COMPILER_GLOBAL_ACCENT_COLOR_NAME = AccentColor;
				CODE_SIGN_STYLE = Automatic;
				CURRENT_PROJECT_VERSION = 1;
				GENERATE_INFOPLIST_FILE = YES;
				INFOPLIST_FILE = PhoneStore/Sources/Info.plist;
				INFOPLIST_KEY_UIApplicationSupportsIndirectInputEvents = YES;
				INFOPLIST_KEY_UILaunchStoryboardName = LaunchScreen;
				INFOPLIST_KEY_UISupportedInterfaceOrientations_iPad = "UIInterfaceOrientationPortrait UIInterfaceOrientationPortraitUpsideDown UIInterfaceOrientationLandscapeLeft UIInterfaceOrientationLandscapeRight";
				INFOPLIST_KEY_UISupportedInterfaceOrientations_iPhone = "UIInterfaceOrientationPortrait UIInterfaceOrientationLandscapeLeft UIInterfaceOrientationLandscapeRight";
				LD_RUNPATH_SEARCH_PATHS = (
					"$(inherited)",
					"@executable_path/Frameworks",
				);
				MARKETING_VERSION = 1.0;
				PRODUCT_BUNDLE_IDENTIFIER = eeeyyeeezz.PhoneStore;
				PRODUCT_NAME = "$(TARGET_NAME)";
				SWIFT_EMIT_LOC_STRINGS = YES;
				SWIFT_VERSION = 5.0;
				TARGETED_DEVICE_FAMILY = "1,2";
			};
			name = Debug;
		};
		EAED6E1528B4C59200966548 /* Release */ = {
			isa = XCBuildConfiguration;
			buildSettings = {
				ASSETCATALOG_COMPILER_APPICON_NAME = AppIcon;
				ASSETCATALOG_COMPILER_GLOBAL_ACCENT_COLOR_NAME = AccentColor;
				CODE_SIGN_STYLE = Automatic;
				CURRENT_PROJECT_VERSION = 1;
				GENERATE_INFOPLIST_FILE = YES;
				INFOPLIST_FILE = PhoneStore/Sources/Info.plist;
				INFOPLIST_KEY_UIApplicationSupportsIndirectInputEvents = YES;
				INFOPLIST_KEY_UILaunchStoryboardName = LaunchScreen;
				INFOPLIST_KEY_UISupportedInterfaceOrientations_iPad = "UIInterfaceOrientationPortrait UIInterfaceOrientationPortraitUpsideDown UIInterfaceOrientationLandscapeLeft UIInterfaceOrientationLandscapeRight";
				INFOPLIST_KEY_UISupportedInterfaceOrientations_iPhone = "UIInterfaceOrientationPortrait UIInterfaceOrientationLandscapeLeft UIInterfaceOrientationLandscapeRight";
				LD_RUNPATH_SEARCH_PATHS = (
					"$(inherited)",
					"@executable_path/Frameworks",
				);
				MARKETING_VERSION = 1.0;
				PRODUCT_BUNDLE_IDENTIFIER = eeeyyeeezz.PhoneStore;
				PRODUCT_NAME = "$(TARGET_NAME)";
				SWIFT_EMIT_LOC_STRINGS = YES;
				SWIFT_VERSION = 5.0;
				TARGETED_DEVICE_FAMILY = "1,2";
			};
			name = Release;
		};
/* End XCBuildConfiguration section */

/* Begin XCConfigurationList section */
		EAED6DFA28B4C59100966548 /* Build configuration list for PBXProject "PhoneStore" */ = {
			isa = XCConfigurationList;
			buildConfigurations = (
				EAED6E1128B4C59200966548 /* Debug */,
				EAED6E1228B4C59200966548 /* Release */,
			);
			defaultConfigurationIsVisible = 0;
			defaultConfigurationName = Release;
		};
		EAED6E1328B4C59200966548 /* Build configuration list for PBXNativeTarget "PhoneStore" */ = {
			isa = XCConfigurationList;
			buildConfigurations = (
				EAED6E1428B4C59200966548 /* Debug */,
				EAED6E1528B4C59200966548 /* Release */,
			);
			defaultConfigurationIsVisible = 0;
			defaultConfigurationName = Release;
		};
/* End XCConfigurationList section */
	};
	rootObject = EAED6DF728B4C59100966548 /* Project object */;
}
